// !$*UTF8*$!
{
	archiveVersion = 1;
	classes = {
	};
	objectVersion = 56;
	objects = {

/* Begin PBXBuildFile section */
		DB4A878B28FC4FEC009426BD /* AppDelegate.swift in Sources */ = {isa = PBXBuildFile; fileRef = DB4A878A28FC4FEC009426BD /* AppDelegate.swift */; };
		DB4A878D28FC4FEC009426BD /* SceneDelegate.swift in Sources */ = {isa = PBXBuildFile; fileRef = DB4A878C28FC4FEC009426BD /* SceneDelegate.swift */; };
		DB4A879228FC4FEC009426BD /* Main.storyboard in Resources */ = {isa = PBXBuildFile; fileRef = DB4A879028FC4FEC009426BD /* Main.storyboard */; };
		DB4A879428FC4FEC009426BD /* Assets.xcassets in Resources */ = {isa = PBXBuildFile; fileRef = DB4A879328FC4FEC009426BD /* Assets.xcassets */; };
		DB4A879728FC4FEC009426BD /* LaunchScreen.storyboard in Resources */ = {isa = PBXBuildFile; fileRef = DB4A879528FC4FEC009426BD /* LaunchScreen.storyboard */; };
		DB4A87A228FC4FED009426BD /* ColorCarouselTests.swift in Sources */ = {isa = PBXBuildFile; fileRef = DB4A87A128FC4FED009426BD /* ColorCarouselTests.swift */; };
		DB4A87AC28FC4FED009426BD /* ColorCarouselUITests.swift in Sources */ = {isa = PBXBuildFile; fileRef = DB4A87AB28FC4FED009426BD /* ColorCarouselUITests.swift */; };
		DB4A87AE28FC4FED009426BD /* ColorCarouselUITestsLaunchTests.swift in Sources */ = {isa = PBXBuildFile; fileRef = DB4A87AD28FC4FED009426BD /* ColorCarouselUITestsLaunchTests.swift */; };
		DB4A87BD28FC50FA009426BD /* ColorsTableVC.swift in Sources */ = {isa = PBXBuildFile; fileRef = DB4A87BC28FC50FA009426BD /* ColorsTableVC.swift */; };
		DB4A87BF28FC5439009426BD /* ColorsDetailVC.swift in Sources */ = {isa = PBXBuildFile; fileRef = DB4A87BE28FC5439009426BD /* ColorsDetailVC.swift */; };
		DBADCD9228FED18900A98462 /* UIColor+Ext.swift in Sources */ = {isa = PBXBuildFile; fileRef = DBADCD9128FED18900A98462 /* UIColor+Ext.swift */; };
/* End PBXBuildFile section */

/* Begin PBXContainerItemProxy section */
		DB4A879E28FC4FED009426BD /* PBXContainerItemProxy */ = {
			isa = PBXContainerItemProxy;
			containerPortal = DB4A877F28FC4FEC009426BD /* Project object */;
			proxyType = 1;
			remoteGlobalIDString = DB4A878628FC4FEC009426BD;
			remoteInfo = ColorCarousel;
		};
		DB4A87A828FC4FED009426BD /* PBXContainerItemProxy */ = {
			isa = PBXContainerItemProxy;
			containerPortal = DB4A877F28FC4FEC009426BD /* Project object */;
			proxyType = 1;
			remoteGlobalIDString = DB4A878628FC4FEC009426BD;
			remoteInfo = ColorCarousel;
		};
/* End PBXContainerItemProxy section */

/* Begin PBXFileReference section */
		DB4A878728FC4FEC009426BD /* ColorCarousel.app */ = {isa = PBXFileReference; explicitFileType = wrapper.application; includeInIndex = 0; path = ColorCarousel.app; sourceTree = BUILT_PRODUCTS_DIR; };
		DB4A878A28FC4FEC009426BD /* AppDelegate.swift */ = {isa = PBXFileReference; lastKnownFileType = sourcecode.swift; path = AppDelegate.swift; sourceTree = "<group>"; };
		DB4A878C28FC4FEC009426BD /* SceneDelegate.swift */ = {isa = PBXFileReference; lastKnownFileType = sourcecode.swift; path = SceneDelegate.swift; sourceTree = "<group>"; };
		DB4A879128FC4FEC009426BD /* Base */ = {isa = PBXFileReference; lastKnownFileType = file.storyboard; name = Base; path = Base.lproj/Main.storyboard; sourceTree = "<group>"; };
		DB4A879328FC4FEC009426BD /* Assets.xcassets */ = {isa = PBXFileReference; lastKnownFileType = folder.assetcatalog; path = Assets.xcassets; sourceTree = "<group>"; };
		DB4A879628FC4FEC009426BD /* Base */ = {isa = PBXFileReference; lastKnownFileType = file.storyboard; name = Base; path = Base.lproj/LaunchScreen.storyboard; sourceTree = "<group>"; };
		DB4A879828FC4FEC009426BD /* Info.plist */ = {isa = PBXFileReference; lastKnownFileType = text.plist.xml; path = Info.plist; sourceTree = "<group>"; };
		DB4A879D28FC4FED009426BD /* ColorCarouselTests.xctest */ = {isa = PBXFileReference; explicitFileType = wrapper.cfbundle; includeInIndex = 0; path = ColorCarouselTests.xctest; sourceTree = BUILT_PRODUCTS_DIR; };
		DB4A87A128FC4FED009426BD /* ColorCarouselTests.swift */ = {isa = PBXFileReference; lastKnownFileType = sourcecode.swift; path = ColorCarouselTests.swift; sourceTree = "<group>"; };
		DB4A87A728FC4FED009426BD /* ColorCarouselUITests.xctest */ = {isa = PBXFileReference; explicitFileType = wrapper.cfbundle; includeInIndex = 0; path = ColorCarouselUITests.xctest; sourceTree = BUILT_PRODUCTS_DIR; };
		DB4A87AB28FC4FED009426BD /* ColorCarouselUITests.swift */ = {isa = PBXFileReference; lastKnownFileType = sourcecode.swift; path = ColorCarouselUITests.swift; sourceTree = "<group>"; };
		DB4A87AD28FC4FED009426BD /* ColorCarouselUITestsLaunchTests.swift */ = {isa = PBXFileReference; lastKnownFileType = sourcecode.swift; path = ColorCarouselUITestsLaunchTests.swift; sourceTree = "<group>"; };
		DB4A87BC28FC50FA009426BD /* ColorsTableVC.swift */ = {isa = PBXFileReference; lastKnownFileType = sourcecode.swift; path = ColorsTableVC.swift; sourceTree = "<group>"; };
		DB4A87BE28FC5439009426BD /* ColorsDetailVC.swift */ = {isa = PBXFileReference; lastKnownFileType = sourcecode.swift; path = ColorsDetailVC.swift; sourceTree = "<group>"; };
		DBADCD9128FED18900A98462 /* UIColor+Ext.swift */ = {isa = PBXFileReference; lastKnownFileType = sourcecode.swift; path = "UIColor+Ext.swift"; sourceTree = "<group>"; };
/* End PBXFileReference section */

/* Begin PBXFrameworksBuildPhase section */
		DB4A878428FC4FEC009426BD /* Frameworks */ = {
			isa = PBXFrameworksBuildPhase;
			buildActionMask = 2147483647;
			files = (
			);
			runOnlyForDeploymentPostprocessing = 0;
		};
		DB4A879A28FC4FED009426BD /* Frameworks */ = {
			isa = PBXFrameworksBuildPhase;
			buildActionMask = 2147483647;
			files = (
			);
			runOnlyForDeploymentPostprocessing = 0;
		};
		DB4A87A428FC4FED009426BD /* Frameworks */ = {
			isa = PBXFrameworksBuildPhase;
			buildActionMask = 2147483647;
			files = (
			);
			runOnlyForDeploymentPostprocessing = 0;
		};
/* End PBXFrameworksBuildPhase section */

/* Begin PBXGroup section */
		DB4A877E28FC4FEC009426BD = {
			isa = PBXGroup;
			children = (
				DB4A878928FC4FEC009426BD /* ColorCarousel */,
				DB4A87A028FC4FED009426BD /* ColorCarouselTests */,
				DB4A87AA28FC4FED009426BD /* ColorCarouselUITests */,
				DB4A878828FC4FEC009426BD /* Products */,
			);
			sourceTree = "<group>";
		};
		DB4A878828FC4FEC009426BD /* Products */ = {
			isa = PBXGroup;
			children = (
				DB4A878728FC4FEC009426BD /* ColorCarousel.app */,
				DB4A879D28FC4FED009426BD /* ColorCarouselTests.xctest */,
				DB4A87A728FC4FED009426BD /* ColorCarouselUITests.xctest */,
			);
			name = Products;
			sourceTree = "<group>";
		};
		DB4A878928FC4FEC009426BD /* ColorCarousel */ = {
			isa = PBXGroup;
			children = (
				DB4A878A28FC4FEC009426BD /* AppDelegate.swift */,
				DB4A878C28FC4FEC009426BD /* SceneDelegate.swift */,
				DB4A87BC28FC50FA009426BD /* ColorsTableVC.swift */,
				DB4A87BE28FC5439009426BD /* ColorsDetailVC.swift */,
				DBADCD9128FED18900A98462 /* UIColor+Ext.swift */,
				DB4A879028FC4FEC009426BD /* Main.storyboard */,
				DB4A879528FC4FEC009426BD /* LaunchScreen.storyboard */,
				DB4A879328FC4FEC009426BD /* Assets.xcassets */,
				DB4A879828FC4FEC009426BD /* Info.plist */,
			);
			path = ColorCarousel;
			sourceTree = "<group>";
		};
		DB4A87A028FC4FED009426BD /* ColorCarouselTests */ = {
			isa = PBXGroup;
			children = (
				DB4A87A128FC4FED009426BD /* ColorCarouselTests.swift */,
			);
			path = ColorCarouselTests;
			sourceTree = "<group>";
		};
		DB4A87AA28FC4FED009426BD /* ColorCarouselUITests */ = {
			isa = PBXGroup;
			children = (
				DB4A87AB28FC4FED009426BD /* ColorCarouselUITests.swift */,
				DB4A87AD28FC4FED009426BD /* ColorCarouselUITestsLaunchTests.swift */,
			);
			path = ColorCarouselUITests;
			sourceTree = "<group>";
		};
/* End PBXGroup section */

/* Begin PBXNativeTarget section */
		DB4A878628FC4FEC009426BD /* ColorCarousel */ = {
			isa = PBXNativeTarget;
			buildConfigurationList = DB4A87B128FC4FED009426BD /* Build configuration list for PBXNativeTarget "ColorCarousel" */;
			buildPhases = (
				DB4A878328FC4FEC009426BD /* Sources */,
				DB4A878428FC4FEC009426BD /* Frameworks */,
				DB4A878528FC4FEC009426BD /* Resources */,
			);
			buildRules = (
			);
			dependencies = (
			);
			name = ColorCarousel;
			productName = ColorCarousel;
			productReference = DB4A878728FC4FEC009426BD /* ColorCarousel.app */;
			productType = "com.apple.product-type.application";
		};
		DB4A879C28FC4FED009426BD /* ColorCarouselTests */ = {
			isa = PBXNativeTarget;
			buildConfigurationList = DB4A87B428FC4FED009426BD /* Build configuration list for PBXNativeTarget "ColorCarouselTests" */;
			buildPhases = (
				DB4A879928FC4FED009426BD /* Sources */,
				DB4A879A28FC4FED009426BD /* Frameworks */,
				DB4A879B28FC4FED009426BD /* Resources */,
			);
			buildRules = (
			);
			dependencies = (
				DB4A879F28FC4FED009426BD /* PBXTargetDependency */,
			);
			name = ColorCarouselTests;
			productName = ColorCarouselTests;
			productReference = DB4A879D28FC4FED009426BD /* ColorCarouselTests.xctest */;
			productType = "com.apple.product-type.bundle.unit-test";
		};
		DB4A87A628FC4FED009426BD /* ColorCarouselUITests */ = {
			isa = PBXNativeTarget;
			buildConfigurationList = DB4A87B728FC4FED009426BD /* Build configuration list for PBXNativeTarget "ColorCarouselUITests" */;
			buildPhases = (
				DB4A87A328FC4FED009426BD /* Sources */,
				DB4A87A428FC4FED009426BD /* Frameworks */,
				DB4A87A528FC4FED009426BD /* Resources */,
			);
			buildRules = (
			);
			dependencies = (
				DB4A87A928FC4FED009426BD /* PBXTargetDependency */,
			);
			name = ColorCarouselUITests;
			productName = ColorCarouselUITests;
			productReference = DB4A87A728FC4FED009426BD /* ColorCarouselUITests.xctest */;
			productType = "com.apple.product-type.bundle.ui-testing";
		};
/* End PBXNativeTarget section */

/* Begin PBXProject section */
		DB4A877F28FC4FEC009426BD /* Project object */ = {
			isa = PBXProject;
			attributes = {
				BuildIndependentTargetsInParallel = 1;
				LastSwiftUpdateCheck = 1400;
				LastUpgradeCheck = 1400;
				TargetAttributes = {
					DB4A878628FC4FEC009426BD = {
						CreatedOnToolsVersion = 14.0.1;
					};
					DB4A879C28FC4FED009426BD = {
						CreatedOnToolsVersion = 14.0.1;
						TestTargetID = DB4A878628FC4FEC009426BD;
					};
					DB4A87A628FC4FED009426BD = {
						CreatedOnToolsVersion = 14.0.1;
						TestTargetID = DB4A878628FC4FEC009426BD;
					};
				};
			};
			buildConfigurationList = DB4A878228FC4FEC009426BD /* Build configuration list for PBXProject "ColorCarousel" */;
			compatibilityVersion = "Xcode 14.0";
			developmentRegion = en;
			hasScannedForEncodings = 0;
			knownRegions = (
				en,
				Base,
			);
			mainGroup = DB4A877E28FC4FEC009426BD;
			productRefGroup = DB4A878828FC4FEC009426BD /* Products */;
			projectDirPath = "";
			projectRoot = "";
			targets = (
				DB4A878628FC4FEC009426BD /* ColorCarousel */,
				DB4A879C28FC4FED009426BD /* ColorCarouselTests */,
				DB4A87A628FC4FED009426BD /* ColorCarouselUITests */,
			);
		};
/* End PBXProject section */

/* Begin PBXResourcesBuildPhase section */
		DB4A878528FC4FEC009426BD /* Resources */ = {
			isa = PBXResourcesBuildPhase;
			buildActionMask = 2147483647;
			files = (
				DB4A879728FC4FEC009426BD /* LaunchScreen.storyboard in Resources */,
				DB4A879428FC4FEC009426BD /* Assets.xcassets in Resources */,
				DB4A879228FC4FEC009426BD /* Main.storyboard in Resources */,
			);
			runOnlyForDeploymentPostprocessing = 0;
		};
		DB4A879B28FC4FED009426BD /* Resources */ = {
			isa = PBXResourcesBuildPhase;
			buildActionMask = 2147483647;
			files = (
			);
			runOnlyForDeploymentPostprocessing = 0;
		};
		DB4A87A528FC4FED009426BD /* Resources */ = {
			isa = PBXResourcesBuildPhase;
			buildActionMask = 2147483647;
			files = (
			);
			runOnlyForDeploymentPostprocessing = 0;
		};
/* End PBXResourcesBuildPhase section */

/* Begin PBXSourcesBuildPhase section */
		DB4A878328FC4FEC009426BD /* Sources */ = {
			isa = PBXSourcesBuildPhase;
			buildActionMask = 2147483647;
			files = (
				DB4A87BD28FC50FA009426BD /* ColorsTableVC.swift in Sources */,
				DB4A87BF28FC5439009426BD /* ColorsDetailVC.swift in Sources */,
				DBADCD9228FED18900A98462 /* UIColor+Ext.swift in Sources */,
				DB4A878B28FC4FEC009426BD /* AppDelegate.swift in Sources */,
				DB4A878D28FC4FEC009426BD /* SceneDelegate.swift in Sources */,
			);
			runOnlyForDeploymentPostprocessing = 0;
		};
		DB4A879928FC4FED009426BD /* Sources */ = {
			isa = PBXSourcesBuildPhase;
			buildActionMask = 2147483647;
			files = (
				DB4A87A228FC4FED009426BD /* ColorCarouselTests.swift in Sources */,
			);
			runOnlyForDeploymentPostprocessing = 0;
		};
		DB4A87A328FC4FED009426BD /* Sources */ = {
			isa = PBXSourcesBuildPhase;
			buildActionMask = 2147483647;
			files = (
				DB4A87AE28FC4FED009426BD /* ColorCarouselUITestsLaunchTests.swift in Sources */,
				DB4A87AC28FC4FED009426BD /* ColorCarouselUITests.swift in Sources */,
			);
			runOnlyForDeploymentPostprocessing = 0;
		};
/* End PBXSourcesBuildPhase section */

/* Begin PBXTargetDependency section */
		DB4A879F28FC4FED009426BD /* PBXTargetDependency */ = {
			isa = PBXTargetDependency;
			target = DB4A878628FC4FEC009426BD /* ColorCarousel */;
			targetProxy = DB4A879E28FC4FED009426BD /* PBXContainerItemProxy */;
		};
		DB4A87A928FC4FED009426BD /* PBXTargetDependency */ = {
			isa = PBXTargetDependency;
			target = DB4A878628FC4FEC009426BD /* ColorCarousel */;
			targetProxy = DB4A87A828FC4FED009426BD /* PBXContainerItemProxy */;
		};
/* End PBXTargetDependency section */

/* Begin PBXVariantGroup section */
		DB4A879028FC4FEC009426BD /* Main.storyboard */ = {
			isa = PBXVariantGroup;
			children = (
				DB4A879128FC4FEC009426BD /* Base */,
			);
			name = Main.storyboard;
			sourceTree = "<group>";
		};
		DB4A879528FC4FEC009426BD /* LaunchScreen.storyboard */ = {
			isa = PBXVariantGroup;
			children = (
				DB4A879628FC4FEC009426BD /* Base */,
			);
			name = LaunchScreen.storyboard;
			sourceTree = "<group>";
		};
/* End PBXVariantGroup section */

/* Begin XCBuildConfiguration section */
		DB4A87AF28FC4FED009426BD /* Debug */ = {
			isa = XCBuildConfiguration;
			buildSettings = {
				ALWAYS_SEARCH_USER_PATHS = NO;
				CLANG_ANALYZER_NONNULL = YES;
				CLANG_ANALYZER_NUMBER_OBJECT_CONVERSION = YES_AGGRESSIVE;
				CLANG_CXX_LANGUAGE_STANDARD = "gnu++20";
				CLANG_ENABLE_MODULES = YES;
				CLANG_ENABLE_OBJC_ARC = YES;
				CLANG_ENABLE_OBJC_WEAK = YES;
				CLANG_WARN_BLOCK_CAPTURE_AUTORELEASING = YES;
				CLANG_WARN_BOOL_CONVERSION = YES;
				CLANG_WARN_COMMA = YES;
				CLANG_WARN_CONSTANT_CONVERSION = YES;
				CLANG_WARN_DEPRECATED_OBJC_IMPLEMENTATIONS = YES;
				CLANG_WARN_DIRECT_OBJC_ISA_USAGE = YES_ERROR;
				CLANG_WARN_DOCUMENTATION_COMMENTS = YES;
				CLANG_WARN_EMPTY_BODY = YES;
				CLANG_WARN_ENUM_CONVERSION = YES;
				CLANG_WARN_INFINITE_RECURSION = YES;
				CLANG_WARN_INT_CONVERSION = YES;
				CLANG_WARN_NON_LITERAL_NULL_CONVERSION = YES;
				CLANG_WARN_OBJC_IMPLICIT_RETAIN_SELF = YES;
				CLANG_WARN_OBJC_LITERAL_CONVERSION = YES;
				CLANG_WARN_OBJC_ROOT_CLASS = YES_ERROR;
				CLANG_WARN_QUOTED_INCLUDE_IN_FRAMEWORK_HEADER = YES;
				CLANG_WARN_RANGE_LOOP_ANALYSIS = YES;
				CLANG_WARN_STRICT_PROTOTYPES = YES;
				CLANG_WARN_SUSPICIOUS_MOVE = YES;
				CLANG_WARN_UNGUARDED_AVAILABILITY = YES_AGGRESSIVE;
				CLANG_WARN_UNREACHABLE_CODE = YES;
				CLANG_WARN__DUPLICATE_METHOD_MATCH = YES;
				COPY_PHASE_STRIP = NO;
				DEBUG_INFORMATION_FORMAT = dwarf;
				ENABLE_STRICT_OBJC_MSGSEND = YES;
				ENABLE_TESTABILITY = YES;
				GCC_C_LANGUAGE_STANDARD = gnu11;
				GCC_DYNAMIC_NO_PIC = NO;
				GCC_NO_COMMON_BLOCKS = YES;
				GCC_OPTIMIZATION_LEVEL = 0;
				GCC_PREPROCESSOR_DEFINITIONS = (
					"DEBUG=1",
					"$(inherited)",
				);
				GCC_WARN_64_TO_32_BIT_CONVERSION = YES;
				GCC_WARN_ABOUT_RETURN_TYPE = YES_ERROR;
				GCC_WARN_UNDECLARED_SELECTOR = YES;
				GCC_WARN_UNINITIALIZED_AUTOS = YES_AGGRESSIVE;
				GCC_WARN_UNUSED_FUNCTION = YES;
				GCC_WARN_UNUSED_VARIABLE = YES;
				IPHONEOS_DEPLOYMENT_TARGET = 16.0;
				MTL_ENABLE_DEBUG_INFO = INCLUDE_SOURCE;
				MTL_FAST_MATH = YES;
				ONLY_ACTIVE_ARCH = YES;
				SDKROOT = iphoneos;
				SWIFT_ACTIVE_COMPILATION_CONDITIONS = DEBUG;
				SWIFT_OPTIMIZATION_LEVEL = "-Onone";
			};
			name = Debug;
		};
		DB4A87B028FC4FED009426BD /* Release */ = {
			isa = XCBuildConfiguration;
			buildSettings = {
				ALWAYS_SEARCH_USER_PATHS = NO;
				CLANG_ANALYZER_NONNULL = YES;
				CLANG_ANALYZER_NUMBER_OBJECT_CONVERSION = YES_AGGRESSIVE;
				CLANG_CXX_LANGUAGE_STANDARD = "gnu++20";
				CLANG_ENABLE_MODULES = YES;
				CLANG_ENABLE_OBJC_ARC = YES;
				CLANG_ENABLE_OBJC_WEAK = YES;
				CLANG_WARN_BLOCK_CAPTURE_AUTORELEASING = YES;
				CLANG_WARN_BOOL_CONVERSION = YES;
				CLANG_WARN_COMMA = YES;
				CLANG_WARN_CONSTANT_CONVERSION = YES;
				CLANG_WARN_DEPRECATED_OBJC_IMPLEMENTATIONS = YES;
				CLANG_WARN_DIRECT_OBJC_ISA_USAGE = YES_ERROR;
				CLANG_WARN_DOCUMENTATION_COMMENTS = YES;
				CLANG_WARN_EMPTY_BODY = YES;
				CLANG_WARN_ENUM_CONVERSION = YES;
				CLANG_WARN_INFINITE_RECURSION = YES;
				CLANG_WARN_INT_CONVERSION = YES;
				CLANG_WARN_NON_LITERAL_NULL_CONVERSION = YES;
				CLANG_WARN_OBJC_IMPLICIT_RETAIN_SELF = YES;
				CLANG_WARN_OBJC_LITERAL_CONVERSION = YES;
				CLANG_WARN_OBJC_ROOT_CLASS = YES_ERROR;
				CLANG_WARN_QUOTED_INCLUDE_IN_FRAMEWORK_HEADER = YES;
				CLANG_WARN_RANGE_LOOP_ANALYSIS = YES;
				CLANG_WARN_STRICT_PROTOTYPES = YES;
				CLANG_WARN_SUSPICIOUS_MOVE = YES;
				CLANG_WARN_UNGUARDED_AVAILABILITY = YES_AGGRESSIVE;
				CLANG_WARN_UNREACHABLE_CODE = YES;
				CLANG_WARN__DUPLICATE_METHOD_MATCH = YES;
				COPY_PHASE_STRIP = NO;
				DEBUG_INFORMATION_FORMAT = "dwarf-with-dsym";
				ENABLE_NS_ASSERTIONS = NO;
				ENABLE_STRICT_OBJC_MSGSEND = YES;
				GCC_C_LANGUAGE_STANDARD = gnu11;
				GCC_NO_COMMON_BLOCKS = YES;
				GCC_WARN_64_TO_32_BIT_CONVERSION = YES;
				GCC_WARN_ABOUT_RETURN_TYPE = YES_ERROR;
				GCC_WARN_UNDECLARED_SELECTOR = YES;
				GCC_WARN_UNINITIALIZED_AUTOS = YES_AGGRESSIVE;
				GCC_WARN_UNUSED_FUNCTION = YES;
				GCC_WARN_UNUSED_VARIABLE = YES;
				IPHONEOS_DEPLOYMENT_TARGET = 16.0;
				MTL_ENABLE_DEBUG_INFO = NO;
				MTL_FAST_MATH = YES;
				SDKROOT = iphoneos;
				SWIFT_COMPILATION_MODE = wholemodule;
				SWIFT_OPTIMIZATION_LEVEL = "-O";
				VALIDATE_PRODUCT = YES;
			};
			name = Release;
		};
		DB4A87B228FC4FED009426BD /* Debug */ = {
			isa = XCBuildConfiguration;
			buildSettings = {
				ASSETCATALOG_COMPILER_APPICON_NAME = AppIcon;
				ASSETCATALOG_COMPILER_GLOBAL_ACCENT_COLOR_NAME = AccentColor;
				CODE_SIGN_STYLE = Automatic;
				CURRENT_PROJECT_VERSION = 1;
				GENERATE_INFOPLIST_FILE = YES;
				INFOPLIST_FILE = ColorCarousel/Info.plist;
				INFOPLIST_KEY_UIApplicationSupportsIndirectInputEvents = YES;
				INFOPLIST_KEY_UILaunchStoryboardName = LaunchScreen;
				INFOPLIST_KEY_UIMainStoryboardFile = Main;
				INFOPLIST_KEY_UISupportedInterfaceOrientations_iPad = "UIInterfaceOrientationPortrait UIInterfaceOrientationPortraitUpsideDown UIInterfaceOrientationLandscapeLeft UIInterfaceOrientationLandscapeRight";
				INFOPLIST_KEY_UISupportedInterfaceOrientations_iPhone = "UIInterfaceOrientationPortrait UIInterfaceOrientationLandscapeLeft UIInterfaceOrientationLandscapeRight";
				LD_RUNPATH_SEARCH_PATHS = (
					"$(inherited)",
					"@executable_path/Frameworks",
				);
				MARKETING_VERSION = 1.0;
				PRODUCT_BUNDLE_IDENTIFIER = com.example.ColorCarousel;
				PRODUCT_NAME = "$(TARGET_NAME)";
				SWIFT_EMIT_LOC_STRINGS = YES;
				SWIFT_VERSION = 5.0;
				TARGETED_DEVICE_FAMILY = "1,2";
			};
			name = Debug;
		};
		DB4A87B328FC4FED009426BD /* Release */ = {
			isa = XCBuildConfiguration;
			buildSettings = {
				ASSETCATALOG_COMPILER_APPICON_NAME = AppIcon;
				ASSETCATALOG_COMPILER_GLOBAL_ACCENT_COLOR_NAME = AccentColor;
				CODE_SIGN_STYLE = Automatic;
				CURRENT_PROJECT_VERSION = 1;
				GENERATE_INFOPLIST_FILE = YES;
				INFOPLIST_FILE = ColorCarousel/Info.plist;
				INFOPLIST_KEY_UIApplicationSupportsIndirectInputEvents = YES;
				INFOPLIST_KEY_UILaunchStoryboardName = LaunchScreen;
				INFOPLIST_KEY_UIMainStoryboardFile = Main;
				INFOPLIST_KEY_UISupportedInterfaceOrientations_iPad = "UIInterfaceOrientationPortrait UIInterfaceOrientationPortraitUpsideDown UIInterfaceOrientationLandscapeLeft UIInterfaceOrientationLandscapeRight";
				INFOPLIST_KEY_UISupportedInterfaceOrientations_iPhone = "UIInterfaceOrientationPortrait UIInterfaceOrientationLandscapeLeft UIInterfaceOrientationLandscapeRight";
				LD_RUNPATH_SEARCH_PATHS = (
					"$(inherited)",
					"@executable_path/Frameworks",
				);
				MARKETING_VERSION = 1.0;
				PRODUCT_BUNDLE_IDENTIFIER = com.example.ColorCarousel;
				PRODUCT_NAME = "$(TARGET_NAME)";
				SWIFT_EMIT_LOC_STRINGS = YES;
				SWIFT_VERSION = 5.0;
				TARGETED_DEVICE_FAMILY = "1,2";
			};
			name = Release;
		};
		DB4A87B528FC4FED009426BD /* Debug */ = {
			isa = XCBuildConfiguration;
			buildSettings = {
				ALWAYS_EMBED_SWIFT_STANDARD_LIBRARIES = YES;
				BUNDLE_LOADER = "$(TEST_HOST)";
				CODE_SIGN_STYLE = Automatic;
				CURRENT_PROJECT_VERSION = 1;
				GENERATE_INFOPLIST_FILE = YES;
				IPHONEOS_DEPLOYMENT_TARGET = 16.0;
				MARKETING_VERSION = 1.0;
				PRODUCT_BUNDLE_IDENTIFIER = com.example.ColorCarouselTests;
				PRODUCT_NAME = "$(TARGET_NAME)";
				SWIFT_EMIT_LOC_STRINGS = NO;
				SWIFT_VERSION = 5.0;
				TARGETED_DEVICE_FAMILY = "1,2";
				TEST_HOST = "$(BUILT_PRODUCTS_DIR)/ColorCarousel.app/$(BUNDLE_EXECUTABLE_FOLDER_PATH)/ColorCarousel";
			};
			name = Debug;
		};
		DB4A87B628FC4FED009426BD /* Release */ = {
			isa = XCBuildConfiguration;
			buildSettings = {
				ALWAYS_EMBED_SWIFT_STANDARD_LIBRARIES = YES;
				BUNDLE_LOADER = "$(TEST_HOST)";
				CODE_SIGN_STYLE = Automatic;
				CURRENT_PROJECT_VERSION = 1;
				GENERATE_INFOPLIST_FILE = YES;
				IPHONEOS_DEPLOYMENT_TARGET = 16.0;
				MARKETING_VERSION = 1.0;
				PRODUCT_BUNDLE_IDENTIFIER = com.example.ColorCarouselTests;
				PRODUCT_NAME = "$(TARGET_NAME)";
				SWIFT_EMIT_LOC_STRINGS = NO;
				SWIFT_VERSION = 5.0;
				TARGETED_DEVICE_FAMILY = "1,2";
				TEST_HOST = "$(BUILT_PRODUCTS_DIR)/ColorCarousel.app/$(BUNDLE_EXECUTABLE_FOLDER_PATH)/ColorCarousel";
			};
			name = Release;
		};
		DB4A87B828FC4FED009426BD /* Debug */ = {
			isa = XCBuildConfiguration;
			buildSettings = {
				ALWAYS_EMBED_SWIFT_STANDARD_LIBRARIES = YES;
				CODE_SIGN_STYLE = Automatic;
				CURRENT_PROJECT_VERSION = 1;
				GENERATE_INFOPLIST_FILE = YES;
				MARKETING_VERSION = 1.0;
				PRODUCT_BUNDLE_IDENTIFIER = com.example.ColorCarouselUITests;
				PRODUCT_NAME = "$(TARGET_NAME)";
				SWIFT_EMIT_LOC_STRINGS = NO;
				SWIFT_VERSION = 5.0;
				TARGETED_DEVICE_FAMILY = "1,2";
				TEST_TARGET_NAME = ColorCarousel;
			};
			name = Debug;
		};
		DB4A87B928FC4FED009426BD /* Release */ = {
			isa = XCBuildConfiguration;
			buildSettings = {
				ALWAYS_EMBED_SWIFT_STANDARD_LIBRARIES = YES;
				CODE_SIGN_STYLE = Automatic;
				CURRENT_PROJECT_VERSION = 1;
				GENERATE_INFOPLIST_FILE = YES;
				MARKETING_VERSION = 1.0;
				PRODUCT_BUNDLE_IDENTIFIER = com.example.ColorCarouselUITests;
				PRODUCT_NAME = "$(TARGET_NAME)";
				SWIFT_EMIT_LOC_STRINGS = NO;
				SWIFT_VERSION = 5.0;
				TARGETED_DEVICE_FAMILY = "1,2";
				TEST_TARGET_NAME = ColorCarousel;
			};
			name = Release;
		};
/* End XCBuildConfiguration section */

/* Begin XCConfigurationList section */
		DB4A878228FC4FEC009426BD /* Build configuration list for PBXProject "ColorCarousel" */ = {
			isa = XCConfigurationList;
			buildConfigurations = (
				DB4A87AF28FC4FED009426BD /* Debug */,
				DB4A87B028FC4FED009426BD /* Release */,
			);
			defaultConfigurationIsVisible = 0;
			defaultConfigurationName = Release;
		};
		DB4A87B128FC4FED009426BD /* Build configuration list for PBXNativeTarget "ColorCarousel" */ = {
			isa = XCConfigurationList;
			buildConfigurations = (
				DB4A87B228FC4FED009426BD /* Debug */,
				DB4A87B328FC4FED009426BD /* Release */,
			);
			defaultConfigurationIsVisible = 0;
			defaultConfigurationName = Release;
		};
		DB4A87B428FC4FED009426BD /* Build configuration list for PBXNativeTarget "ColorCarouselTests" */ = {
			isa = XCConfigurationList;
			buildConfigurations = (
				DB4A87B528FC4FED009426BD /* Debug */,
				DB4A87B628FC4FED009426BD /* Release */,
			);
			defaultConfigurationIsVisible = 0;
			defaultConfigurationName = Release;
		};
		DB4A87B728FC4FED009426BD /* Build configuration list for PBXNativeTarget "ColorCarouselUITests" */ = {
			isa = XCConfigurationList;
			buildConfigurations = (
				DB4A87B828FC4FED009426BD /* Debug */,
				DB4A87B928FC4FED009426BD /* Release */,
			);
			defaultConfigurationIsVisible = 0;
			defaultConfigurationName = Release;
		};
/* End XCConfigurationList section */
	};
	rootObject = DB4A877F28FC4FEC009426BD /* Project object */;
}
